
Microsoft Visual Studio Solution File, Format Version 12.00
# Visual Studio Version 17
VisualStudioVersion = 17.0.31912.275
MinimumVisualStudioVersion = 10.0.40219.1
Project("{FAE04EC0-301F-11D3-BF4B-00C04F79EFBC}") = "FacebookScraperRunner", "ConsoleApp1\FacebookScraperRunner.csproj", "{ECBA54DC-0C04-46FD-9B5B-2AC9731F6F0A}"
EndProject
Global
	GlobalSection(SolutionConfigurationPlatforms) = preSolution
		Debug|Any CPU = Debug|Any CPU
		Release|Any CPU = Release|Any CPU
	EndGlobalSection
	GlobalSection(ProjectConfigurationPlatforms) = postSolution
		{ECBA54DC-0C04-46FD-9B5B-2AC9731F6F0A}.Debug|Any CPU.ActiveCfg = Debug|Any CPU
		{ECBA54DC-0C04-46FD-9B5B-2AC9731F6F0A}.Debug|Any CPU.Build.0 = Debug|Any CPU
		{ECBA54DC-0C04-46FD-9B5B-2AC9731F6F0A}.Release|Any CPU.ActiveCfg = Release|Any CPU
		{ECBA54DC-0C04-46FD-9B5B-2AC9731F6F0A}.Release|Any CPU.Build.0 = Release|Any CPU
	EndGlobalSection
	GlobalSection(SolutionProperties) = preSolution
		HideSolutionNode = FALSE
	EndGlobalSection
	GlobalSection(ExtensibilityGlobals) = postSolution
		SolutionGuid = {ED934D7D-0671-4B1C-87FF-125BAF7A059B}
	EndGlobalSection
EndGlobal
